
Microsoft Visual Studio Solution File, Format Version 12.00
# Visual Studio Version 17
VisualStudioVersion = 17.5.2.0
MinimumVisualStudioVersion = 10.0.40219.1
Project("{2150E333-8FDC-42A3-9474-1A3956D46DE8}") = "Backend", "Backend", "{1AE8ACA6-933B-BF2A-3671-3E2EAC007D16}"
EndProject
Project("{FAE04EC0-301F-11D3-BF4B-00C04F79EFBC}") = "FlowBoard-Auth", "Backend\FlowBoard-Auth\FlowBoard-Auth.csproj", "{48BCD3D7-D8CA-1F50-C7C5-499682852B31}"
EndProject
Project("{FAE04EC0-301F-11D3-BF4B-00C04F79EFBC}") = "FlowBoard-Workspace", "Backend\FlowBoard-Workspace\FlowBoard-Workspace.csproj", "{ECEC9E61-7D0D-368F-B562-8A0BDFE99690}"
EndProject
Project("{2150E333-8FDC-42A3-9474-1A3956D46DE8}") = "test", "test", "{C9F2D317-4826-407B-F8B2-698283998959}"
EndProject
Project("{FAE04EC0-301F-11D3-BF4B-00C04F79EFBC}") = "auth-tests", "Backend\test\auth-tests\auth-tests.csproj", "{7124EB35-6849-3ED0-9E62-447670D4DC72}"
EndProject
Project("{FAE04EC0-301F-11D3-BF4B-00C04F79EFBC}") = "board-tests", "Backend\test\board-tests\board-tests.csproj", "{20E9A5F7-EAB6-4495-90B4-D676D11010B5}"
EndProject
Project("{FAE04EC0-301F-11D3-BF4B-00C04F79EFBC}") = "FlowBoard-Board", "Backend\FlowBoard-Board\FlowBoard-Board.csproj", "{17F54890-2DAA-405F-8A99-0A73FF73EC3B}"
EndProject
Project("{FAE04EC0-301F-11D3-BF4B-00C04F79EFBC}") = "workspace-tests", "Backend\test\workspace-tests\workspace-tests.csproj", "{92982389-D8F4-40BB-9ADE-9FE39E03FDE0}"
EndProject
Project("{FAE04EC0-301F-11D3-BF4B-00C04F79EFBC}") = "FlowBoard-ListService", "Backend\FlowBoard-ListService\FlowBoard-ListService.csproj", "{A1B2C3D4-1111-2222-3333-444455556666}"
EndProject
Project("{FAE04EC0-301F-11D3-BF4B-00C04F79EFBC}") = "list-tests", "Backend\test\list-tests\list-tests.csproj", "{B2C3D4E5-2222-3333-4444-555566667777}"
EndProject
Project("{FAE04EC0-301F-11D3-BF4B-00C04F79EFBC}") = "FlowBoard-NotificationService", "Backend\FlowBoard-NotificationService\FlowBoard-NotificationService.csproj", "{B6832426-8370-4654-8CBA-43EC651A86AA}"
EndProject
Project("{FAE04EC0-301F-11D3-BF4B-00C04F79EFBC}") = "FlowBoard-NotificationService.Tests", "Backend\test\FlowBoard-NotificationService.Tests\FlowBoard-NotificationService.Tests.csproj", "{96FCB680-C0D5-48CB-96F7-FC94EC5001B8}"
EndProject
Global
	GlobalSection(SolutionConfigurationPlatforms) = preSolution
		Debug|Any CPU = Debug|Any CPU
		Debug|x64 = Debug|x64
		Debug|x86 = Debug|x86
		Release|Any CPU = Release|Any CPU
		Release|x64 = Release|x64
		Release|x86 = Release|x86
	EndGlobalSection
	GlobalSection(ProjectConfigurationPlatforms) = postSolution
		{48BCD3D7-D8CA-1F50-C7C5-499682852B31}.Debug|Any CPU.ActiveCfg = Debug|Any CPU
		{48BCD3D7-D8CA-1F50-C7C5-499682852B31}.Debug|Any CPU.Build.0 = Debug|Any CPU
		{48BCD3D7-D8CA-1F50-C7C5-499682852B31}.Debug|x64.ActiveCfg = Debug|Any CPU
		{48BCD3D7-D8CA-1F50-C7C5-499682852B31}.Debug|x64.Build.0 = Debug|Any CPU
		{48BCD3D7-D8CA-1F50-C7C5-499682852B31}.Debug|x86.ActiveCfg = Debug|Any CPU
		{48BCD3D7-D8CA-1F50-C7C5-499682852B31}.Debug|x86.Build.0 = Debug|Any CPU
		{48BCD3D7-D8CA-1F50-C7C5-499682852B31}.Release|Any CPU.ActiveCfg = Release|Any CPU
		{48BCD3D7-D8CA-1F50-C7C5-499682852B31}.Release|Any CPU.Build.0 = Release|Any CPU
		{48BCD3D7-D8CA-1F50-C7C5-499682852B31}.Release|x64.ActiveCfg = Release|Any CPU
		{48BCD3D7-D8CA-1F50-C7C5-499682852B31}.Release|x64.Build.0 = Release|Any CPU
		{48BCD3D7-D8CA-1F50-C7C5-499682852B31}.Release|x86.ActiveCfg = Release|Any CPU
		{48BCD3D7-D8CA-1F50-C7C5-499682852B31}.Release|x86.Build.0 = Release|Any CPU
		{ECEC9E61-7D0D-368F-B562-8A0BDFE99690}.Debug|Any CPU.ActiveCfg = Debug|Any CPU
		{ECEC9E61-7D0D-368F-B562-8A0BDFE99690}.Debug|Any CPU.Build.0 = Debug|Any CPU
		{ECEC9E61-7D0D-368F-B562-8A0BDFE99690}.Debug|x64.ActiveCfg = Debug|Any CPU
		{ECEC9E61-7D0D-368F-B562-8A0BDFE99690}.Debug|x64.Build.0 = Debug|Any CPU
		{ECEC9E61-7D0D-368F-B562-8A0BDFE99690}.Debug|x86.ActiveCfg = Debug|Any CPU
		{ECEC9E61-7D0D-368F-B562-8A0BDFE99690}.Debug|x86.Build.0 = Debug|Any CPU
		{ECEC9E61-7D0D-368F-B562-8A0BDFE99690}.Release|Any CPU.ActiveCfg = Release|Any CPU
		{ECEC9E61-7D0D-368F-B562-8A0BDFE99690}.Release|Any CPU.Build.0 = Release|Any CPU
		{ECEC9E61-7D0D-368F-B562-8A0BDFE99690}.Release|x64.ActiveCfg = Release|Any CPU
		{ECEC9E61-7D0D-368F-B562-8A0BDFE99690}.Release|x64.Build.0 = Release|Any CPU
		{ECEC9E61-7D0D-368F-B562-8A0BDFE99690}.Release|x86.ActiveCfg = Release|Any CPU
		{ECEC9E61-7D0D-368F-B562-8A0BDFE99690}.Release|x86.Build.0 = Release|Any CPU
		{7124EB35-6849-3ED0-9E62-447670D4DC72}.Debug|Any CPU.ActiveCfg = Debug|Any CPU
		{7124EB35-6849-3ED0-9E62-447670D4DC72}.Debug|Any CPU.Build.0 = Debug|Any CPU
		{7124EB35-6849-3ED0-9E62-447670D4DC72}.Debug|x64.ActiveCfg = Debug|Any CPU
		{7124EB35-6849-3ED0-9E62-447670D4DC72}.Debug|x64.Build.0 = Debug|Any CPU
		{7124EB35-6849-3ED0-9E62-447670D4DC72}.Debug|x86.ActiveCfg = Debug|Any CPU
		{7124EB35-6849-3ED0-9E62-447670D4DC72}.Debug|x86.Build.0 = Debug|Any CPU
		{7124EB35-6849-3ED0-9E62-447670D4DC72}.Release|Any CPU.ActiveCfg = Release|Any CPU
		{7124EB35-6849-3ED0-9E62-447670D4DC72}.Release|Any CPU.Build.0 = Release|Any CPU
		{7124EB35-6849-3ED0-9E62-447670D4DC72}.Release|x64.ActiveCfg = Release|Any CPU
		{7124EB35-6849-3ED0-9E62-447670D4DC72}.Release|x64.Build.0 = Release|Any CPU
		{7124EB35-6849-3ED0-9E62-447670D4DC72}.Release|x86.ActiveCfg = Release|Any CPU
		{7124EB35-6849-3ED0-9E62-447670D4DC72}.Release|x86.Build.0 = Release|Any CPU
		{20E9A5F7-EAB6-4495-90B4-D676D11010B5}.Debug|Any CPU.ActiveCfg = Debug|Any CPU
		{20E9A5F7-EAB6-4495-90B4-D676D11010B5}.Debug|Any CPU.Build.0 = Debug|Any CPU
		{20E9A5F7-EAB6-4495-90B4-D676D11010B5}.Debug|x64.ActiveCfg = Debug|Any CPU
		{20E9A5F7-EAB6-4495-90B4-D676D11010B5}.Debug|x64.Build.0 = Debug|Any CPU
		{20E9A5F7-EAB6-4495-90B4-D676D11010B5}.Debug|x86.ActiveCfg = Debug|Any CPU
		{20E9A5F7-EAB6-4495-90B4-D676D11010B5}.Debug|x86.Build.0 = Debug|Any CPU
		{20E9A5F7-EAB6-4495-90B4-D676D11010B5}.Release|Any CPU.ActiveCfg = Release|Any CPU
		{20E9A5F7-EAB6-4495-90B4-D676D11010B5}.Release|Any CPU.Build.0 = Release|Any CPU
		{20E9A5F7-EAB6-4495-90B4-D676D11010B5}.Release|x64.ActiveCfg = Release|Any CPU
		{20E9A5F7-EAB6-4495-90B4-D676D11010B5}.Release|x64.Build.0 = Release|Any CPU
		{20E9A5F7-EAB6-4495-90B4-D676D11010B5}.Release|x86.ActiveCfg = Release|Any CPU
		{20E9A5F7-EAB6-4495-90B4-D676D11010B5}.Release|x86.Build.0 = Release|Any CPU
		{17F54890-2DAA-405F-8A99-0A73FF73EC3B}.Debug|Any CPU.ActiveCfg = Debug|Any CPU
		{17F54890-2DAA-405F-8A99-0A73FF73EC3B}.Debug|Any CPU.Build.0 = Debug|Any CPU
		{17F54890-2DAA-405F-8A99-0A73FF73EC3B}.Debug|x64.ActiveCfg = Debug|Any CPU
		{17F54890-2DAA-405F-8A99-0A73FF73EC3B}.Debug|x64.Build.0 = Debug|Any CPU
		{17F54890-2DAA-405F-8A99-0A73FF73EC3B}.Debug|x86.ActiveCfg = Debug|Any CPU
		{17F54890-2DAA-405F-8A99-0A73FF73EC3B}.Debug|x86.Build.0 = Debug|Any CPU
		{17F54890-2DAA-405F-8A99-0A73FF73EC3B}.Release|Any CPU.ActiveCfg = Release|Any CPU
		{17F54890-2DAA-405F-8A99-0A73FF73EC3B}.Release|Any CPU.Build.0 = Release|Any CPU
		{17F54890-2DAA-405F-8A99-0A73FF73EC3B}.Release|x64.ActiveCfg = Release|Any CPU
		{17F54890-2DAA-405F-8A99-0A73FF73EC3B}.Release|x64.Build.0 = Release|Any CPU
		{17F54890-2DAA-405F-8A99-0A73FF73EC3B}.Release|x86.ActiveCfg = Release|Any CPU
		{17F54890-2DAA-405F-8A99-0A73FF73EC3B}.Release|x86.Build.0 = Release|Any CPU
		{92982389-D8F4-40BB-9ADE-9FE39E03FDE0}.Debug|Any CPU.ActiveCfg = Debug|Any CPU
		{92982389-D8F4-40BB-9ADE-9FE39E03FDE0}.Debug|Any CPU.Build.0 = Debug|Any CPU
		{92982389-D8F4-40BB-9ADE-9FE39E03FDE0}.Debug|x64.ActiveCfg = Debug|Any CPU
		{92982389-D8F4-40BB-9ADE-9FE39E03FDE0}.Debug|x64.Build.0 = Debug|Any CPU
		{92982389-D8F4-40BB-9ADE-9FE39E03FDE0}.Debug|x86.ActiveCfg = Debug|Any CPU
		{92982389-D8F4-40BB-9ADE-9FE39E03FDE0}.Debug|x86.Build.0 = Debug|Any CPU
		{92982389-D8F4-40BB-9ADE-9FE39E03FDE0}.Release|Any CPU.ActiveCfg = Release|Any CPU
		{92982389-D8F4-40BB-9ADE-9FE39E03FDE0}.Release|Any CPU.Build.0 = Release|Any CPU
		{92982389-D8F4-40BB-9ADE-9FE39E03FDE0}.Release|x64.ActiveCfg = Release|Any CPU
		{92982389-D8F4-40BB-9ADE-9FE39E03FDE0}.Release|x64.Build.0 = Release|Any CPU
		{92982389-D8F4-40BB-9ADE-9FE39E03FDE0}.Release|x86.ActiveCfg = Release|Any CPU
		{92982389-D8F4-40BB-9ADE-9FE39E03FDE0}.Release|x86.Build.0 = Release|Any CPU
		{A1B2C3D4-1111-2222-3333-444455556666}.Debug|Any CPU.ActiveCfg = Debug|Any CPU
		{A1B2C3D4-1111-2222-3333-444455556666}.Debug|Any CPU.Build.0 = Debug|Any CPU
		{A1B2C3D4-1111-2222-3333-444455556666}.Release|Any CPU.ActiveCfg = Release|Any CPU
		{A1B2C3D4-1111-2222-3333-444455556666}.Release|Any CPU.Build.0 = Release|Any CPU
		{B2C3D4E5-2222-3333-4444-555566667777}.Debug|Any CPU.ActiveCfg = Debug|Any CPU
		{B2C3D4E5-2222-3333-4444-555566667777}.Debug|Any CPU.Build.0 = Debug|Any CPU
		{B2C3D4E5-2222-3333-4444-555566667777}.Release|Any CPU.ActiveCfg = Release|Any CPU
		{B2C3D4E5-2222-3333-4444-555566667777}.Release|Any CPU.Build.0 = Release|Any CPU
		{B6832426-8370-4654-8CBA-43EC651A86AA}.Debug|Any CPU.ActiveCfg = Debug|Any CPU
		{B6832426-8370-4654-8CBA-43EC651A86AA}.Debug|Any CPU.Build.0 = Debug|Any CPU
		{B6832426-8370-4654-8CBA-43EC651A86AA}.Debug|x64.ActiveCfg = Debug|Any CPU
		{B6832426-8370-4654-8CBA-43EC651A86AA}.Debug|x64.Build.0 = Debug|Any CPU
		{B6832426-8370-4654-8CBA-43EC651A86AA}.Debug|x86.ActiveCfg = Debug|Any CPU
		{B6832426-8370-4654-8CBA-43EC651A86AA}.Debug|x86.Build.0 = Debug|Any CPU
		{B6832426-8370-4654-8CBA-43EC651A86AA}.Release|Any CPU.ActiveCfg = Release|Any CPU
		{B6832426-8370-4654-8CBA-43EC651A86AA}.Release|Any CPU.Build.0 = Release|Any CPU
		{B6832426-8370-4654-8CBA-43EC651A86AA}.Release|x64.ActiveCfg = Release|Any CPU
		{B6832426-8370-4654-8CBA-43EC651A86AA}.Release|x64.Build.0 = Release|Any CPU
		{B6832426-8370-4654-8CBA-43EC651A86AA}.Release|x86.ActiveCfg = Release|Any CPU
		{B6832426-8370-4654-8CBA-43EC651A86AA}.Release|x86.Build.0 = Release|Any CPU
		{96FCB680-C0D5-48CB-96F7-FC94EC5001B8}.Debug|Any CPU.ActiveCfg = Debug|Any CPU
		{96FCB680-C0D5-48CB-96F7-FC94EC5001B8}.Debug|Any CPU.Build.0 = Debug|Any CPU
		{96FCB680-C0D5-48CB-96F7-FC94EC5001B8}.Debug|x64.ActiveCfg = Debug|Any CPU
		{96FCB680-C0D5-48CB-96F7-FC94EC5001B8}.Debug|x64.Build.0 = Debug|Any CPU
		{96FCB680-C0D5-48CB-96F7-FC94EC5001B8}.Debug|x86.ActiveCfg = Debug|Any CPU
		{96FCB680-C0D5-48CB-96F7-FC94EC5001B8}.Debug|x86.Build.0 = Debug|Any CPU
		{96FCB680-C0D5-48CB-96F7-FC94EC5001B8}.Release|Any CPU.ActiveCfg = Release|Any CPU
		{96FCB680-C0D5-48CB-96F7-FC94EC5001B8}.Release|Any CPU.Build.0 = Release|Any CPU
		{96FCB680-C0D5-48CB-96F7-FC94EC5001B8}.Release|x64.ActiveCfg = Release|Any CPU
		{96FCB680-C0D5-48CB-96F7-FC94EC5001B8}.Release|x64.Build.0 = Release|Any CPU
		{96FCB680-C0D5-48CB-96F7-FC94EC5001B8}.Release|x86.ActiveCfg = Release|Any CPU
		{96FCB680-C0D5-48CB-96F7-FC94EC5001B8}.Release|x86.Build.0 = Release|Any CPU
	EndGlobalSection
	GlobalSection(SolutionProperties) = preSolution
		HideSolutionNode = FALSE
	EndGlobalSection
	GlobalSection(NestedProjects) = preSolution
		{48BCD3D7-D8CA-1F50-C7C5-499682852B31} = {1AE8ACA6-933B-BF2A-3671-3E2EAC007D16}
		{ECEC9E61-7D0D-368F-B562-8A0BDFE99690} = {1AE8ACA6-933B-BF2A-3671-3E2EAC007D16}
		{C9F2D317-4826-407B-F8B2-698283998959} = {1AE8ACA6-933B-BF2A-3671-3E2EAC007D16}
		{7124EB35-6849-3ED0-9E62-447670D4DC72} = {C9F2D317-4826-407B-F8B2-698283998959}
		{20E9A5F7-EAB6-4495-90B4-D676D11010B5} = {C9F2D317-4826-407B-F8B2-698283998959}
		{17F54890-2DAA-405F-8A99-0A73FF73EC3B} = {1AE8ACA6-933B-BF2A-3671-3E2EAC007D16}
		{92982389-D8F4-40BB-9ADE-9FE39E03FDE0} = {C9F2D317-4826-407B-F8B2-698283998959}
		{A1B2C3D4-1111-2222-3333-444455556666} = {1AE8ACA6-933B-BF2A-3671-3E2EAC007D16}
		{B2C3D4E5-2222-3333-4444-555566667777} = {C9F2D317-4826-407B-F8B2-698283998959}
		{B6832426-8370-4654-8CBA-43EC651A86AA} = {1AE8ACA6-933B-BF2A-3671-3E2EAC007D16}
		{96FCB680-C0D5-48CB-96F7-FC94EC5001B8} = {C9F2D317-4826-407B-F8B2-698283998959}
	EndGlobalSection
	GlobalSection(ExtensibilityGlobals) = postSolution
		SolutionGuid = {D7A1B849-1179-4A3E-995D-CCFB9A97C504}
	EndGlobalSection
EndGlobal
